// !$*UTF8*$!
{
	archiveVersion = 1;
	classes = {
	};
	objectVersion = 77;
	objects = {

/* Begin PBXContainerItemProxy section */
		38C0C72F2D50E33B008AB2BF /* PBXContainerItemProxy */ = {
			isa = PBXContainerItemProxy;
			containerPortal = 38C0C7102D50E339008AB2BF /* Project object */;
			proxyType = 1;
			remoteGlobalIDString = 38C0C7172D50E339008AB2BF;
			remoteInfo = imagesm;
		};
		38C0C7392D50E33B008AB2BF /* PBXContainerItemProxy */ = {
			isa = PBXContainerItemProxy;
			containerPortal = 38C0C7102D50E339008AB2BF /* Project object */;
			proxyType = 1;
			remoteGlobalIDString = 38C0C7172D50E339008AB2BF;
			remoteInfo = imagesm;
		};
/* End PBXContainerItemProxy section */

/* Begin PBXFileReference section */
		38C0C7182D50E339008AB2BF /* imagesm.app */ = {isa = PBXFileReference; explicitFileType = wrapper.application; includeInIndex = 0; path = imagesm.app; sourceTree = BUILT_PRODUCTS_DIR; };
		38C0C72E2D50E33B008AB2BF /* imagesmTests.xctest */ = {isa = PBXFileReference; explicitFileType = wrapper.cfbundle; includeInIndex = 0; path = imagesmTests.xctest; sourceTree = BUILT_PRODUCTS_DIR; };
		38C0C7382D50E33B008AB2BF /* imagesmUITests.xctest */ = {isa = PBXFileReference; explicitFileType = wrapper.cfbundle; includeInIndex = 0; path = imagesmUITests.xctest; sourceTree = BUILT_PRODUCTS_DIR; };
/* End PBXFileReference section */

/* Begin PBXFileSystemSynchronizedBuildFileExceptionSet section */
		38C0C7402D50E33B008AB2BF /* Exceptions for "imagesm" folder in "imagesm" target */ = {
			isa = PBXFileSystemSynchronizedBuildFileExceptionSet;
			membershipExceptions = (
				Info.plist,
			);
			target = 38C0C7172D50E339008AB2BF /* imagesm */;
		};
/* End PBXFileSystemSynchronizedBuildFileExceptionSet section */

/* Begin PBXFileSystemSynchronizedRootGroup section */
		38C0C71A2D50E339008AB2BF /* imagesm */ = {
			isa = PBXFileSystemSynchronizedRootGroup;
			exceptions = (
				38C0C7402D50E33B008AB2BF /* Exceptions for "imagesm" folder in "imagesm" target */,
			);
			path = imagesm;
			sourceTree = "<group>";
		};
		38C0C7312D50E33B008AB2BF /* imagesmTests */ = {
			isa = PBXFileSystemSynchronizedRootGroup;
			path = imagesmTests;
			sourceTree = "<group>";
		};
		38C0C73B2D50E33B008AB2BF /* imagesmUITests */ = {
			isa = PBXFileSystemSynchronizedRootGroup;
			path = imagesmUITests;
			sourceTree = "<group>";
		};
/* End PBXFileSystemSynchronizedRootGroup section */

/* Begin PBXFrameworksBuildPhase section */
		38C0C7152D50E339008AB2BF /* Frameworks */ = {
			isa = PBXFrameworksBuildPhase;
			buildActionMask = 2147483647;
			files = (
			);
			runOnlyForDeploymentPostprocessing = 0;
		};
		38C0C72B2D50E33B008AB2BF /* Frameworks */ = {
			isa = PBXFrameworksBuildPhase;
			buildActionMask = 2147483647;
			files = (
			);
			runOnlyForDeploymentPostprocessing = 0;
		};
		38C0C7352D50E33B008AB2BF /* Frameworks */ = {
			isa = PBXFrameworksBuildPhase;
			buildActionMask = 2147483647;
			files = (
			);
			runOnlyForDeploymentPostprocessing = 0;
		};
/* End PBXFrameworksBuildPhase section */

/* Begin PBXGroup section */
		38C0C70F2D50E339008AB2BF = {
			isa = PBXGroup;
			children = (
				38C0C71A2D50E339008AB2BF /* imagesm */,
				38C0C7312D50E33B008AB2BF /* imagesmTests */,
				38C0C73B2D50E33B008AB2BF /* imagesmUITests */,
				38C0C7192D50E339008AB2BF /* Products */,
			);
			sourceTree = "<group>";
		};
		38C0C7192D50E339008AB2BF /* Products */ = {
			isa = PBXGroup;
			children = (
				38C0C7182D50E339008AB2BF /* imagesm.app */,
				38C0C72E2D50E33B008AB2BF /* imagesmTests.xctest */,
				38C0C7382D50E33B008AB2BF /* imagesmUITests.xctest */,
			);
			name = Products;
			sourceTree = "<group>";
		};
/* End PBXGroup section */

/* Begin PBXNativeTarget section */
		38C0C7172D50E339008AB2BF /* imagesm */ = {
			isa = PBXNativeTarget;
			buildConfigurationList = 38C0C7412D50E33B008AB2BF /* Build configuration list for PBXNativeTarget "imagesm" */;
			buildPhases = (
				38C0C7142D50E339008AB2BF /* Sources */,
				38C0C7152D50E339008AB2BF /* Frameworks */,
				38C0C7162D50E339008AB2BF /* Resources */,
			);
			buildRules = (
			);
			dependencies = (
			);
			fileSystemSynchronizedGroups = (
				38C0C71A2D50E339008AB2BF /* imagesm */,
			);
			name = imagesm;
			packageProductDependencies = (
			);
			productName = imagesm;
			productReference = 38C0C7182D50E339008AB2BF /* imagesm.app */;
			productType = "com.apple.product-type.application";
		};
		38C0C72D2D50E33B008AB2BF /* imagesmTests */ = {
			isa = PBXNativeTarget;
			buildConfigurationList = 38C0C7462D50E33B008AB2BF /* Build configuration list for PBXNativeTarget "imagesmTests" */;
			buildPhases = (
				38C0C72A2D50E33B008AB2BF /* Sources */,
				38C0C72B2D50E33B008AB2BF /* Frameworks */,
				38C0C72C2D50E33B008AB2BF /* Resources */,
			);
			buildRules = (
			);
			dependencies = (
				38C0C7302D50E33B008AB2BF /* PBXTargetDependency */,
			);
			fileSystemSynchronizedGroups = (
				38C0C7312D50E33B008AB2BF /* imagesmTests */,
			);
			name = imagesmTests;
			packageProductDependencies = (
			);
			productName = imagesmTests;
			productReference = 38C0C72E2D50E33B008AB2BF /* imagesmTests.xctest */;
			productType = "com.apple.product-type.bundle.unit-test";
		};
		38C0C7372D50E33B008AB2BF /* imagesmUITests */ = {
			isa = PBXNativeTarget;
			buildConfigurationList = 38C0C7492D50E33B008AB2BF /* Build configuration list for PBXNativeTarget "imagesmUITests" */;
			buildPhases = (
				38C0C7342D50E33B008AB2BF /* Sources */,
				38C0C7352D50E33B008AB2BF /* Frameworks */,
				38C0C7362D50E33B008AB2BF /* Resources */,
			);
			buildRules = (
			);
			dependencies = (
				38C0C73A2D50E33B008AB2BF /* PBXTargetDependency */,
			);
			fileSystemSynchronizedGroups = (
				38C0C73B2D50E33B008AB2BF /* imagesmUITests */,
			);
			name = imagesmUITests;
			packageProductDependencies = (
			);
			productName = imagesmUITests;
			productReference = 38C0C7382D50E33B008AB2BF /* imagesmUITests.xctest */;
			productType = "com.apple.product-type.bundle.ui-testing";
		};
/* End PBXNativeTarget section */

/* Begin PBXProject section */
		38C0C7102D50E339008AB2BF /* Project object */ = {
			isa = PBXProject;
			attributes = {
				BuildIndependentTargetsInParallel = 1;
				LastSwiftUpdateCheck = 1620;
				LastUpgradeCheck = 1620;
				TargetAttributes = {
					38C0C7172D50E339008AB2BF = {
						CreatedOnToolsVersion = 16.2;
					};
					38C0C72D2D50E33B008AB2BF = {
						CreatedOnToolsVersion = 16.2;
						TestTargetID = 38C0C7172D50E339008AB2BF;
					};
					38C0C7372D50E33B008AB2BF = {
						CreatedOnToolsVersion = 16.2;
						TestTargetID = 38C0C7172D50E339008AB2BF;
					};
				};
			};
			buildConfigurationList = 38C0C7132D50E339008AB2BF /* Build configuration list for PBXProject "imagesm" */;
			developmentRegion = en;
			hasScannedForEncodings = 0;
			knownRegions = (
				en,
				Base,
			);
			mainGroup = 38C0C70F2D50E339008AB2BF;
			minimizedProjectReferenceProxies = 1;
			preferredProjectObjectVersion = 77;
			productRefGroup = 38C0C7192D50E339008AB2BF /* Products */;
			projectDirPath = "";
			projectRoot = "";
			targets = (
				38C0C7172D50E339008AB2BF /* imagesm */,
				38C0C72D2D50E33B008AB2BF /* imagesmTests */,
				38C0C7372D50E33B008AB2BF /* imagesmUITests */,
			);
		};
/* End PBXProject section */

/* Begin PBXResourcesBuildPhase section */
		38C0C7162D50E339008AB2BF /* Resources */ = {
			isa = PBXResourcesBuildPhase;
			buildActionMask = 2147483647;
			files = (
			);
			runOnlyForDeploymentPostprocessing = 0;
		};
		38C0C72C2D50E33B008AB2BF /* Resources */ = {
			isa = PBXResourcesBuildPhase;
			buildActionMask = 2147483647;
			files = (
			);
			runOnlyForDeploymentPostprocessing = 0;
		};
		38C0C7362D50E33B008AB2BF /* Resources */ = {
			isa = PBXResourcesBuildPhase;
			buildActionMask = 2147483647;
			files = (
			);
			runOnlyForDeploymentPostprocessing = 0;
		};
/* End PBXResourcesBuildPhase section */

/* Begin PBXSourcesBuildPhase section */
		38C0C7142D50E339008AB2BF /* Sources */ = {
			isa = PBXSourcesBuildPhase;
			buildActionMask = 2147483647;
			files = (
			);
			runOnlyForDeploymentPostprocessing = 0;
		};
		38C0C72A2D50E33B008AB2BF /* Sources */ = {
			isa = PBXSourcesBuildPhase;
			buildActionMask = 2147483647;
			files = (
			);
			runOnlyForDeploymentPostprocessing = 0;
		};
		38C0C7342D50E33B008AB2BF /* Sources */ = {
			isa = PBXSourcesBuildPhase;
			buildActionMask = 2147483647;
			files = (
			);
			runOnlyForDeploymentPostprocessing = 0;
		};
/* End PBXSourcesBuildPhase section */

/* Begin PBXTargetDependency section */
		38C0C7302D50E33B008AB2BF /* PBXTargetDependency */ = {
			isa = PBXTargetDependency;
			target = 38C0C7172D50E339008AB2BF /* imagesm */;
			targetProxy = 38C0C72F2D50E33B008AB2BF /* PBXContainerItemProxy */;
		};
		38C0C73A2D50E33B008AB2BF /* PBXTargetDependency */ = {
			isa = PBXTargetDependency;
			target = 38C0C7172D50E339008AB2BF /* imagesm */;
			targetProxy = 38C0C7392D50E33B008AB2BF /* PBXContainerItemProxy */;
		};
/* End PBXTargetDependency section */

/* Begin XCBuildConfiguration section */
		38C0C7422D50E33B008AB2BF /* Debug */ = {
			isa = XCBuildConfiguration;
			buildSettings = {
				ASSETCATALOG_COMPILER_APPICON_NAME = AppIcon;
				ASSETCATALOG_COMPILER_GLOBAL_ACCENT_COLOR_NAME = AccentColor;
				CODE_SIGN_STYLE = Automatic;
				CURRENT_PROJECT_VERSION = 1;
				DEVELOPMENT_TEAM = 6XVTBTTTFN;
				GENERATE_INFOPLIST_FILE = YES;
				INFOPLIST_FILE = imagesm/Info.plist;
				INFOPLIST_KEY_UIApplicationSupportsIndirectInputEvents = YES;
				INFOPLIST_KEY_UILaunchStoryboardName = LaunchScreen;
				INFOPLIST_KEY_UIMainStoryboardFile = Main;
				INFOPLIST_KEY_UISupportedInterfaceOrientations_iPad = "UIInterfaceOrientationPortrait UIInterfaceOrientationPortraitUpsideDown UIInterfaceOrientationLandscapeLeft UIInterfaceOrientationLandscapeRight";
				INFOPLIST_KEY_UISupportedInterfaceOrientations_iPhone = "UIInterfaceOrientationPortrait UIInterfaceOrientationLandscapeLeft UIInterfaceOrientationLandscapeRight";
				LD_RUNPATH_SEARCH_PATHS = (
					"$(inherited)",
					"@executable_path/Frameworks",
				);
				MARKETING_VERSION = 1.0;
				PRODUCT_BUNDLE_IDENTIFIER = soungjunban.imagesm;
				PRODUCT_NAME = "$(TARGET_NAME)";
				SWIFT_EMIT_LOC_STRINGS = YES;
				SWIFT_VERSION = 5.0;
				TARGETED_DEVICE_FAMILY = "1,2";
			};
			name = Debug;
		};
		38C0C7432D50E33B008AB2BF /* Release */ = {
			isa = XCBuildConfiguration;
			buildSettings = {
				ASSETCATALOG_COMPILER_APPICON_NAME = AppIcon;
				ASSETCATALOG_COMPILER_GLOBAL_ACCENT_COLOR_NAME = AccentColor;
				CODE_SIGN_STYLE = Automatic;
				CURRENT_PROJECT_VERSION = 1;
				DEVELOPMENT_TEAM = 6XVTBTTTFN;
				GENERATE_INFOPLIST_FILE = YES;
				INFOPLIST_FILE = imagesm/Info.plist;
				INFOPLIST_KEY_UIApplicationSupportsIndirectInputEvents = YES;
				INFOPLIST_KEY_UILaunchStoryboardName = LaunchScreen;
				INFOPLIST_KEY_UIMainStoryboardFile = Main;
				INFOPLIST_KEY_UISupportedInterfaceOrientations_iPad = "UIInterfaceOrientationPortrait UIInterfaceOrientationPortraitUpsideDown UIInterfaceOrientationLandscapeLeft UIInterfaceOrientationLandscapeRight";
				INFOPLIST_KEY_UISupportedInterfaceOrientations_iPhone = "UIInterfaceOrientationPortrait UIInterfaceOrientationLandscapeLeft UIInterfaceOrientationLandscapeRight";
				LD_RUNPATH_SEARCH_PATHS = (
					"$(inherited)",
					"@executable_path/Frameworks",
				);
				MARKETING_VERSION = 1.0;
				PRODUCT_BUNDLE_IDENTIFIER = soungjunban.imagesm;
				PRODUCT_NAME = "$(TARGET_NAME)";
				SWIFT_EMIT_LOC_STRINGS = YES;
				SWIFT_VERSION = 5.0;
				TARGETED_DEVICE_FAMILY = "1,2";
			};
			name = Release;
		};
		38C0C7442D50E33B008AB2BF /* Debug */ = {
			isa = XCBuildConfiguration;
			buildSettings = {
				ALWAYS_SEARCH_USER_PATHS = NO;
				ASSETCATALOG_COMPILER_GENERATE_SWIFT_ASSET_SYMBOL_EXTENSIONS = YES;
				CLANG_ANALYZER_NONNULL = YES;
				CLANG_ANALYZER_NUMBER_OBJECT_CONVERSION = YES_AGGRESSIVE;
				CLANG_CXX_LANGUAGE_STANDARD = "gnu++20";
				CLANG_ENABLE_MODULES = YES;
				CLANG_ENABLE_OBJC_ARC = YES;
				CLANG_ENABLE_OBJC_WEAK = YES;
				CLANG_WARN_BLOCK_CAPTURE_AUTORELEASING = YES;
				CLANG_WARN_BOOL_CONVERSION = YES;
				CLANG_WARN_COMMA = YES;
				CLANG_WARN_CONSTANT_CONVERSION = YES;
				CLANG_WARN_DEPRECATED_OBJC_IMPLEMENTATIONS = YES;
				CLANG_WARN_DIRECT_OBJC_ISA_USAGE = YES_ERROR;
				CLANG_WARN_DOCUMENTATION_COMMENTS = YES;
				CLANG_WARN_EMPTY_BODY = YES;
				CLANG_WARN_ENUM_CONVERSION = YES;
				CLANG_WARN_INFINITE_RECURSION = YES;
				CLANG_WARN_INT_CONVERSION = YES;
				CLANG_WARN_NON_LITERAL_NULL_CONVERSION = YES;
				CLANG_WARN_OBJC_IMPLICIT_RETAIN_SELF = YES;
				CLANG_WARN_OBJC_LITERAL_CONVERSION = YES;
				CLANG_WARN_OBJC_ROOT_CLASS = YES_ERROR;
				CLANG_WARN_QUOTED_INCLUDE_IN_FRAMEWORK_HEADER = YES;
				CLANG_WARN_RANGE_LOOP_ANALYSIS = YES;
				CLANG_WARN_STRICT_PROTOTYPES = YES;
				CLANG_WARN_SUSPICIOUS_MOVE = YES;
				CLANG_WARN_UNGUARDED_AVAILABILITY = YES_AGGRESSIVE;
				CLANG_WARN_UNREACHABLE_CODE = YES;
				CLANG_WARN__DUPLICATE_METHOD_MATCH = YES;
				COPY_PHASE_STRIP = NO;
				DEBUG_INFORMATION_FORMAT = dwarf;
				ENABLE_STRICT_OBJC_MSGSEND = YES;
				ENABLE_TESTABILITY = YES;
				ENABLE_USER_SCRIPT_SANDBOXING = YES;
				GCC_C_LANGUAGE_STANDARD = gnu17;
				GCC_DYNAMIC_NO_PIC = NO;
				GCC_NO_COMMON_BLOCKS = YES;
				GCC_OPTIMIZATION_LEVEL = 0;
				GCC_PREPROCESSOR_DEFINITIONS = (
					"DEBUG=1",
					"$(inherited)",
				);
				GCC_WARN_64_TO_32_BIT_CONVERSION = YES;
				GCC_WARN_ABOUT_RETURN_TYPE = YES_ERROR;
				GCC_WARN_UNDECLARED_SELECTOR = YES;
				GCC_WARN_UNINITIALIZED_AUTOS = YES_AGGRESSIVE;
				GCC_WARN_UNUSED_FUNCTION = YES;
				GCC_WARN_UNUSED_VARIABLE = YES;
				IPHONEOS_DEPLOYMENT_TARGET = 18.2;
				LOCALIZATION_PREFERS_STRING_CATALOGS = YES;
				MTL_ENABLE_DEBUG_INFO = INCLUDE_SOURCE;
				MTL_FAST_MATH = YES;
				ONLY_ACTIVE_ARCH = YES;
				SDKROOT = iphoneos;
				SWIFT_ACTIVE_COMPILATION_CONDITIONS = "DEBUG $(inherited)";
				SWIFT_OPTIMIZATION_LEVEL = "-Onone";
			};
			name = Debug;
		};
		38C0C7452D50E33B008AB2BF /* Release */ = {
			isa = XCBuildConfiguration;
			buildSettings = {
				ALWAYS_SEARCH_USER_PATHS = NO;
				ASSETCATALOG_COMPILER_GENERATE_SWIFT_ASSET_SYMBOL_EXTENSIONS = YES;
				CLANG_ANALYZER_NONNULL = YES;
				CLANG_ANALYZER_NUMBER_OBJECT_CONVERSION = YES_AGGRESSIVE;
				CLANG_CXX_LANGUAGE_STANDARD = "gnu++20";
				CLANG_ENABLE_MODULES = YES;
				CLANG_ENABLE_OBJC_ARC = YES;
				CLANG_ENABLE_OBJC_WEAK = YES;
				CLANG_WARN_BLOCK_CAPTURE_AUTORELEASING = YES;
				CLANG_WARN_BOOL_CONVERSION = YES;
				CLANG_WARN_COMMA = YES;
				CLANG_WARN_CONSTANT_CONVERSION = YES;
				CLANG_WARN_DEPRECATED_OBJC_IMPLEMENTATIONS = YES;
				CLANG_WARN_DIRECT_OBJC_ISA_USAGE = YES_ERROR;
				CLANG_WARN_DOCUMENTATION_COMMENTS = YES;
				CLANG_WARN_EMPTY_BODY = YES;
				CLANG_WARN_ENUM_CONVERSION = YES;
				CLANG_WARN_INFINITE_RECURSION = YES;
				CLANG_WARN_INT_CONVERSION = YES;
				CLANG_WARN_NON_LITERAL_NULL_CONVERSION = YES;
				CLANG_WARN_OBJC_IMPLICIT_RETAIN_SELF = YES;
				CLANG_WARN_OBJC_LITERAL_CONVERSION = YES;
				CLANG_WARN_OBJC_ROOT_CLASS = YES_ERROR;
				CLANG_WARN_QUOTED_INCLUDE_IN_FRAMEWORK_HEADER = YES;
				CLANG_WARN_RANGE_LOOP_ANALYSIS = YES;
				CLANG_WARN_STRICT_PROTOTYPES = YES;
				CLANG_WARN_SUSPICIOUS_MOVE = YES;
				CLANG_WARN_UNGUARDED_AVAILABILITY = YES_AGGRESSIVE;
				CLANG_WARN_UNREACHABLE_CODE = YES;
				CLANG_WARN__DUPLICATE_METHOD_MATCH = YES;
				COPY_PHASE_STRIP = NO;
				DEBUG_INFORMATION_FORMAT = "dwarf-with-dsym";
				ENABLE_NS_ASSERTIONS = NO;
				ENABLE_STRICT_OBJC_MSGSEND = YES;
				ENABLE_USER_SCRIPT_SANDBOXING = YES;
				GCC_C_LANGUAGE_STANDARD = gnu17;
				GCC_NO_COMMON_BLOCKS = YES;
				GCC_WARN_64_TO_32_BIT_CONVERSION = YES;
				GCC_WARN_ABOUT_RETURN_TYPE = YES_ERROR;
				GCC_WARN_UNDECLARED_SELECTOR = YES;
				GCC_WARN_UNINITIALIZED_AUTOS = YES_AGGRESSIVE;
				GCC_WARN_UNUSED_FUNCTION = YES;
				GCC_WARN_UNUSED_VARIABLE = YES;
				IPHONEOS_DEPLOYMENT_TARGET = 18.2;
				LOCALIZATION_PREFERS_STRING_CATALOGS = YES;
				MTL_ENABLE_DEBUG_INFO = NO;
				MTL_FAST_MATH = YES;
				SDKROOT = iphoneos;
				SWIFT_COMPILATION_MODE = wholemodule;
				VALIDATE_PRODUCT = YES;
			};
			name = Release;
		};
		38C0C7472D50E33B008AB2BF /* Debug */ = {
			isa = XCBuildConfiguration;
			buildSettings = {
				BUNDLE_LOADER = "$(TEST_HOST)";
				CODE_SIGN_STYLE = Automatic;
				CURRENT_PROJECT_VERSION = 1;
				DEVELOPMENT_TEAM = 6XVTBTTTFN;
				GENERATE_INFOPLIST_FILE = YES;
				IPHONEOS_DEPLOYMENT_TARGET = 18.2;
				MARKETING_VERSION = 1.0;
				PRODUCT_BUNDLE_IDENTIFIER = soungjunban.imagesmTests;
				PRODUCT_NAME = "$(TARGET_NAME)";
				SWIFT_EMIT_LOC_STRINGS = NO;
				SWIFT_VERSION = 5.0;
				TARGETED_DEVICE_FAMILY = "1,2";
				TEST_HOST = "$(BUILT_PRODUCTS_DIR)/imagesm.app/$(BUNDLE_EXECUTABLE_FOLDER_PATH)/imagesm";
			};
			name = Debug;
		};
		38C0C7482D50E33B008AB2BF /* Release */ = {
			isa = XCBuildConfiguration;
			buildSettings = {
				BUNDLE_LOADER = "$(TEST_HOST)";
				CODE_SIGN_STYLE = Automatic;
				CURRENT_PROJECT_VERSION = 1;
				DEVELOPMENT_TEAM = 6XVTBTTTFN;
				GENERATE_INFOPLIST_FILE = YES;
				IPHONEOS_DEPLOYMENT_TARGET = 18.2;
				MARKETING_VERSION = 1.0;
				PRODUCT_BUNDLE_IDENTIFIER = soungjunban.imagesmTests;
				PRODUCT_NAME = "$(TARGET_NAME)";
				SWIFT_EMIT_LOC_STRINGS = NO;
				SWIFT_VERSION = 5.0;
				TARGETED_DEVICE_FAMILY = "1,2";
				TEST_HOST = "$(BUILT_PRODUCTS_DIR)/imagesm.app/$(BUNDLE_EXECUTABLE_FOLDER_PATH)/imagesm";
			};
			name = Release;
		};
		38C0C74A2D50E33B008AB2BF /* Debug */ = {
			isa = XCBuildConfiguration;
			buildSettings = {
				CODE_SIGN_STYLE = Automatic;
				CURRENT_PROJECT_VERSION = 1;
				DEVELOPMENT_TEAM = 6XVTBTTTFN;
				GENERATE_INFOPLIST_FILE = YES;
				MARKETING_VERSION = 1.0;
				PRODUCT_BUNDLE_IDENTIFIER = soungjunban.imagesmUITests;
				PRODUCT_NAME = "$(TARGET_NAME)";
				SWIFT_EMIT_LOC_STRINGS = NO;
				SWIFT_VERSION = 5.0;
				TARGETED_DEVICE_FAMILY = "1,2";
				TEST_TARGET_NAME = imagesm;
			};
			name = Debug;
		};
		38C0C74B2D50E33B008AB2BF /* Release */ = {
			isa = XCBuildConfiguration;
			buildSettings = {
				CODE_SIGN_STYLE = Automatic;
				CURRENT_PROJECT_VERSION = 1;
				DEVELOPMENT_TEAM = 6XVTBTTTFN;
				GENERATE_INFOPLIST_FILE = YES;
				MARKETING_VERSION = 1.0;
				PRODUCT_BUNDLE_IDENTIFIER = soungjunban.imagesmUITests;
				PRODUCT_NAME = "$(TARGET_NAME)";
				SWIFT_EMIT_LOC_STRINGS = NO;
				SWIFT_VERSION = 5.0;
				TARGETED_DEVICE_FAMILY = "1,2";
				TEST_TARGET_NAME = imagesm;
			};
			name = Release;
		};
/* End XCBuildConfiguration section */

/* Begin XCConfigurationList section */
		38C0C7132D50E339008AB2BF /* Build configuration list for PBXProject "imagesm" */ = {
			isa = XCConfigurationList;
			buildConfigurations = (
				38C0C7442D50E33B008AB2BF /* Debug */,
				38C0C7452D50E33B008AB2BF /* Release */,
			);
			defaultConfigurationIsVisible = 0;
			defaultConfigurationName = Release;
		};
		38C0C7412D50E33B008AB2BF /* Build configuration list for PBXNativeTarget "imagesm" */ = {
			isa = XCConfigurationList;
			buildConfigurations = (
				38C0C7422D50E33B008AB2BF /* Debug */,
				38C0C7432D50E33B008AB2BF /* Release */,
			);
			defaultConfigurationIsVisible = 0;
			defaultConfigurationName = Release;
		};
		38C0C7462D50E33B008AB2BF /* Build configuration list for PBXNativeTarget "imagesmTests" */ = {
			isa = XCConfigurationList;
			buildConfigurations = (
				38C0C7472D50E33B008AB2BF /* Debug */,
				38C0C7482D50E33B008AB2BF /* Release */,
			);
			defaultConfigurationIsVisible = 0;
			defaultConfigurationName = Release;
		};
		38C0C7492D50E33B008AB2BF /* Build configuration list for PBXNativeTarget "imagesmUITests" */ = {
			isa = XCConfigurationList;
			buildConfigurations = (
				38C0C74A2D50E33B008AB2BF /* Debug */,
				38C0C74B2D50E33B008AB2BF /* Release */,
			);
			defaultConfigurationIsVisible = 0;
			defaultConfigurationName = Release;
		};
/* End XCConfigurationList section */
	};
	rootObject = 38C0C7102D50E339008AB2BF /* Project object */;
}
